
Microsoft Visual Studio Solution File, Format Version 12.00


Project("{FAE04EC0-301F-11D3-BF4B-00C04F79EFBC}") = "WebApp", "Presentation\WebApp\WebApp.csproj", "{2D139412-DE67-4F5A-921F-67B6D7F70EC1}"
EndProject
Project("{FAE04EC0-301F-11D3-BF4B-00C04F79EFBC}") = "WebApp.Abstractions", "Presentation\WebApp.Abstractions\WebApp.Abstractions.csproj", "{AAE03604-DAB5-4479-B698-6434815D9376}"
EndProject
Project("{2150E333-8FDC-42A3-9474-1A3956D46DE8}") = "Presentation", "Presentation", "{8D7A23C2-7C73-4301-9F5D-DF4C9A6C9562}"
EndProject
Project("{2150E333-8FDC-42A3-9474-1A3956D46DE8}") = "Infrastracture", "Infrastracture", "{9F966034-D6D3-4283-B2EB-726775422D53}"
EndProject
Project("{2150E333-8FDC-42A3-9474-1A3956D46DE8}") = "Domain", "Domain", "{F96BDECD-DA47-41A8-A988-522404E642C7}"
EndProject
Project("{2150E333-8FDC-42A3-9474-1A3956D46DE8}") = "Application", "Application", "{6D8DF8BC-4626-4025-A5C8-57275AB7A5F1}"
EndProject
Project("{FAE04EC0-301F-11D3-BF4B-00C04F79EFBC}") = "Common", "Domain\Common\Common.csproj", "{89F73020-863A-409C-823C-C4D347B1000C}"
EndProject
Project("{FAE04EC0-301F-11D3-BF4B-00C04F79EFBC}") = "Core", "Domain\Core\Core.csproj", "{33B8DC29-D23B-4B4A-8CA5-768CA4AD8567}"
EndProject
Project("{FAE04EC0-301F-11D3-BF4B-00C04F79EFBC}") = "DataAccess", "Infrastracture\DataAccess\DataAccess.csproj", "{EB908111-D1D8-4A34-B1C6-D22338FBB604}"
EndProject
Project("{FAE04EC0-301F-11D3-BF4B-00C04F79EFBC}") = "DataAccess.Abstractions", "Infrastracture\DataAccess.Abstractions\DataAccess.Abstractions.csproj", "{18B626FF-B83F-490D-A43B-023947F52BD3}"
EndProject
Project("{FAE04EC0-301F-11D3-BF4B-00C04F79EFBC}") = "Identity", "Infrastracture\Identity\Identity.csproj", "{EBD3EC11-5A5F-4C2D-9FAF-1FC11E0AFF7C}"
EndProject
Project("{FAE04EC0-301F-11D3-BF4B-00C04F79EFBC}") = "Contracts", "Application\Contracts\Contracts.csproj", "{5E7758E4-B27D-4A2E-AB67-7FEBC2F0BDF6}"
EndProject
Project("{FAE04EC0-301F-11D3-BF4B-00C04F79EFBC}") = "Dto", "Application\Dto\Dto.csproj", "{F0F5D1EA-CFD2-4993-B496-50D2266A429E}"
EndProject
Project("{FAE04EC0-301F-11D3-BF4B-00C04F79EFBC}") = "Handlers", "Application\Handlers\Handlers.csproj", "{D7296304-285C-4C0A-882E-EDA21338DC7D}"
EndProject
Project("{FAE04EC0-301F-11D3-BF4B-00C04F79EFBC}") = "Application.Abstractions", "Application\Application.Abstractions\Application.Abstractions.csproj", "{F9EC57DD-6904-476A-8FD4-35BF8C0688E9}"
EndProject
Project("{FAE04EC0-301F-11D3-BF4B-00C04F79EFBC}") = "Application", "Application\Application\Application.csproj", "{C9773BA3-1A91-4299-8F1B-3603CA21DBC2}"
EndProject
Global
	GlobalSection(ProjectConfigurationPlatforms) = postSolution
		{F9EC57DD-6904-476A-8FD4-35BF8C0688E9}.VibeNote|Any CPU.ActiveCfg = VibeNote|Any CPU
		{F9EC57DD-6904-476A-8FD4-35BF8C0688E9}.VibeNote|Any CPU.Build.0 = VibeNote|Any CPU
		{89F73020-863A-409C-823C-C4D347B1000C}.VibeNote|Any CPU.ActiveCfg = VibeNote|Any CPU
		{89F73020-863A-409C-823C-C4D347B1000C}.VibeNote|Any CPU.Build.0 = VibeNote|Any CPU
		{5E7758E4-B27D-4A2E-AB67-7FEBC2F0BDF6}.VibeNote|Any CPU.ActiveCfg = VibeNote|Any CPU
		{5E7758E4-B27D-4A2E-AB67-7FEBC2F0BDF6}.VibeNote|Any CPU.Build.0 = VibeNote|Any CPU
		{33B8DC29-D23B-4B4A-8CA5-768CA4AD8567}.VibeNote|Any CPU.ActiveCfg = VibeNote|Any CPU
		{33B8DC29-D23B-4B4A-8CA5-768CA4AD8567}.VibeNote|Any CPU.Build.0 = VibeNote|Any CPU
		{EB908111-D1D8-4A34-B1C6-D22338FBB604}.VibeNote|Any CPU.ActiveCfg = VibeNote|Any CPU
		{EB908111-D1D8-4A34-B1C6-D22338FBB604}.VibeNote|Any CPU.Build.0 = VibeNote|Any CPU
		{18B626FF-B83F-490D-A43B-023947F52BD3}.VibeNote|Any CPU.ActiveCfg = VibeNote|Any CPU
		{18B626FF-B83F-490D-A43B-023947F52BD3}.VibeNote|Any CPU.Build.0 = VibeNote|Any CPU
		{F0F5D1EA-CFD2-4993-B496-50D2266A429E}.VibeNote|Any CPU.ActiveCfg = VibeNote|Any CPU
		{F0F5D1EA-CFD2-4993-B496-50D2266A429E}.VibeNote|Any CPU.Build.0 = VibeNote|Any CPU
		{D7296304-285C-4C0A-882E-EDA21338DC7D}.VibeNote|Any CPU.ActiveCfg = VibeNote|Any CPU
		{D7296304-285C-4C0A-882E-EDA21338DC7D}.VibeNote|Any CPU.Build.0 = VibeNote|Any CPU
		{EBD3EC11-5A5F-4C2D-9FAF-1FC11E0AFF7C}.VibeNote|Any CPU.ActiveCfg = VibeNote|Any CPU
		{EBD3EC11-5A5F-4C2D-9FAF-1FC11E0AFF7C}.VibeNote|Any CPU.Build.0 = VibeNote|Any CPU
		{2D139412-DE67-4F5A-921F-67B6D7F70EC1}.VibeNote|Any CPU.ActiveCfg = VibeNote|Any CPU
		{2D139412-DE67-4F5A-921F-67B6D7F70EC1}.VibeNote|Any CPU.Build.0 = VibeNote|Any CPU
		{AAE03604-DAB5-4479-B698-6434815D9376}.VibeNote|Any CPU.ActiveCfg = VibeNote|Any CPU
		{AAE03604-DAB5-4479-B698-6434815D9376}.VibeNote|Any CPU.Build.0 = VibeNote|Any CPU
		{C9773BA3-1A91-4299-8F1B-3603CA21DBC2}.VibeNote|Any CPU.ActiveCfg = Debug|Any CPU
		{C9773BA3-1A91-4299-8F1B-3603CA21DBC2}.VibeNote|Any CPU.Build.0 = Debug|Any CPU
	EndGlobalSection
	GlobalSection(NestedProjects) = preSolution
		{2D139412-DE67-4F5A-921F-67B6D7F70EC1} = {8D7A23C2-7C73-4301-9F5D-DF4C9A6C9562}
		{AAE03604-DAB5-4479-B698-6434815D9376} = {8D7A23C2-7C73-4301-9F5D-DF4C9A6C9562}
		{89F73020-863A-409C-823C-C4D347B1000C} = {F96BDECD-DA47-41A8-A988-522404E642C7}
		{33B8DC29-D23B-4B4A-8CA5-768CA4AD8567} = {F96BDECD-DA47-41A8-A988-522404E642C7}
		{5E7758E4-B27D-4A2E-AB67-7FEBC2F0BDF6} = {6D8DF8BC-4626-4025-A5C8-57275AB7A5F1}
		{EB908111-D1D8-4A34-B1C6-D22338FBB604} = {9F966034-D6D3-4283-B2EB-726775422D53}
		{18B626FF-B83F-490D-A43B-023947F52BD3} = {9F966034-D6D3-4283-B2EB-726775422D53}
		{F0F5D1EA-CFD2-4993-B496-50D2266A429E} = {6D8DF8BC-4626-4025-A5C8-57275AB7A5F1}
		{D7296304-285C-4C0A-882E-EDA21338DC7D} = {6D8DF8BC-4626-4025-A5C8-57275AB7A5F1}
		{EBD3EC11-5A5F-4C2D-9FAF-1FC11E0AFF7C} = {9F966034-D6D3-4283-B2EB-726775422D53}
		{F9EC57DD-6904-476A-8FD4-35BF8C0688E9} = {6D8DF8BC-4626-4025-A5C8-57275AB7A5F1}
		{F96BDECD-DA47-41A8-A988-522404E642C7} = {9F966034-D6D3-4283-B2EB-726775422D53}
		{C9773BA3-1A91-4299-8F1B-3603CA21DBC2} = {6D8DF8BC-4626-4025-A5C8-57275AB7A5F1}
	EndGlobalSection
	GlobalSection(SolutionConfigurationPlatforms) = preSolution
		VibeNote|Any CPU = VibeNote|Any CPU
	EndGlobalSection
EndGlobal
